
Microsoft Visual Studio Solution File, Format Version 12.00
# Visual Studio Version 17
VisualStudioVersion = 17.0.31903.59
MinimumVisualStudioVersion = 10.0.40219.1
Project("{2150E333-8FDC-42A3-9474-1A3956D46DE8}") = "src", "src", "{5B4C1362-FD14-4CCA-BBAA-194BFF3896C7}"
EndProject
Project("{FAE04EC0-301F-11D3-BF4B-00C04F79EFBC}") = "WebApi", "src\WebApi\WebApi.csproj", "{8C64E7A0-4B29-4561-8820-3B504F806B75}"
EndProject
Project("{2150E333-8FDC-42A3-9474-1A3956D46DE8}") = "test", "test", "{ACE684E6-6A66-4995-8807-E543F1223B47}"
EndProject
Project("{FAE04EC0-301F-11D3-BF4B-00C04F79EFBC}") = "WebApiTests", "test\WebApiTests\WebApiTests.csproj", "{C525B0E9-B50B-4DE2-9208-2DECDD424603}"
EndProject
Global
	GlobalSection(SolutionConfigurationPlatforms) = preSolution
		Debug|Any CPU = Debug|Any CPU
		Release|Any CPU = Release|Any CPU
	EndGlobalSection
	GlobalSection(SolutionProperties) = preSolution
		HideSolutionNode = FALSE
	EndGlobalSection
	GlobalSection(ProjectConfigurationPlatforms) = postSolution
		{8C64E7A0-4B29-4561-8820-3B504F806B75}.Debug|Any CPU.ActiveCfg = Debug|Any CPU
		{8C64E7A0-4B29-4561-8820-3B504F806B75}.Debug|Any CPU.Build.0 = Debug|Any CPU
		{8C64E7A0-4B29-4561-8820-3B504F806B75}.Release|Any CPU.ActiveCfg = Release|Any CPU
		{8C64E7A0-4B29-4561-8820-3B504F806B75}.Release|Any CPU.Build.0 = Release|Any CPU
		{C525B0E9-B50B-4DE2-9208-2DECDD424603}.Debug|Any CPU.ActiveCfg = Debug|Any CPU
		{C525B0E9-B50B-4DE2-9208-2DECDD424603}.Debug|Any CPU.Build.0 = Debug|Any CPU
		{C525B0E9-B50B-4DE2-9208-2DECDD424603}.Release|Any CPU.ActiveCfg = Release|Any CPU
		{C525B0E9-B50B-4DE2-9208-2DECDD424603}.Release|Any CPU.Build.0 = Release|Any CPU
	EndGlobalSection
	GlobalSection(NestedProjects) = preSolution
		{8C64E7A0-4B29-4561-8820-3B504F806B75} = {5B4C1362-FD14-4CCA-BBAA-194BFF3896C7}
		{C525B0E9-B50B-4DE2-9208-2DECDD424603} = {ACE684E6-6A66-4995-8807-E543F1223B47}
	EndGlobalSection
EndGlobal
